
Microsoft Visual Studio Solution File, Format Version 12.00
# Visual Studio Version 17
VisualStudioVersion = 17.14.36705.20 d17.14
MinimumVisualStudioVersion = 10.0.40219.1
Project("{888888A0-9F3D-457C-B088-3A5042F75D52}") = "Md2Word", "Md2Word.pyproj", "{B3E7649E-1853-4832-A08A-2BA31AC1AAE4}"
EndProject
Global
	GlobalSection(SolutionConfigurationPlatforms) = preSolution
		Debug|Any CPU = Debug|Any CPU
		Release|Any CPU = Release|Any CPU
	EndGlobalSection
	GlobalSection(ProjectConfigurationPlatforms) = postSolution
		{B3E7649E-1853-4832-A08A-2BA31AC1AAE4}.Debug|Any CPU.ActiveCfg = Debug|Any CPU
		{B3E7649E-1853-4832-A08A-2BA31AC1AAE4}.Release|Any CPU.ActiveCfg = Release|Any CPU
	EndGlobalSection
	GlobalSection(SolutionProperties) = preSolution
		HideSolutionNode = FALSE
	EndGlobalSection
	GlobalSection(ExtensibilityGlobals) = postSolution
		SolutionGuid = {B6293E2C-A65E-49E5-8701-294D128CD81F}
	EndGlobalSection
EndGlobal
